schema: '2.0'
stages:
  data_visualizacion:
    cmd: python src/data_visualizacion.py
    deps:
    - path: data/raw/datos_creditos.csv
      hash: md5
      md5: 60376e78b46d92c4d908d75e1b068128
      size: 579336
      isexec: true
    - path: data/raw/datos_tarjetas.csv
      hash: md5
      md5: 9e197c893925601cd447c81256e8cf07
      size: 845190
      isexec: true
    - path: src/data_visualizacion.py
      hash: md5
      md5: 63b4946351b40856ec15af5a55574154
      size: 4614
    outs:
    - path: docs/figures/boxplot_variable_numerica_vs_target.png
      hash: md5
      md5: 913818dc2de99c1f73dbf83400739674
      size: 18130
    - path: docs/figures/correlacion_heatmap_creditos.png
      hash: md5
      md5: 11ccd739e7e751847eab98ade9c7d523
      size: 67802
    - path: docs/figures/correlacion_heatmap_tarjetas.png
      hash: md5
      md5: 9736618fac4225d1825d0c8741028a56
      size: 61781
    - path: docs/figures/distribucion_target.png
      hash: md5
      md5: bc9c66fc1a8b91659123d9332fc009f9
      size: 22456
    - path: docs/figures/heatmap_valores_nulos_creditos.png
      hash: md5
      md5: c07d4562ff380aa9bd8574f2e4fae3f9
      size: 29049
