schema: '2.0'
stages:
  data_visualizacion:
    cmd: python src/data_visualizacion.py
    deps:
    - path: data/raw/datos_creditos.csv
      hash: md5
      md5: 3b26edd22e8827f890d7cd32efe475b7
      size: 663047
      isexec: true
    - path: data/raw/datos_tarjetas.csv
      hash: md5
      md5: 9e197c893925601cd447c81256e8cf07
      size: 845190
      isexec: true
    - path: src/data_visualizacion.py
      hash: md5
      md5: 63b4946351b40856ec15af5a55574154
      size: 4614
    outs:
    - path: docs/figures/boxplot_variable_numerica_vs_target.png
      hash: md5
      md5: 913818dc2de99c1f73dbf83400739674
      size: 18130
    - path: docs/figures/correlacion_heatmap_creditos.png
      hash: md5
      md5: 0289881e0f34af275205b0dcc1785c0c
      size: 90331
    - path: docs/figures/correlacion_heatmap_tarjetas.png
      hash: md5
      md5: 9736618fac4225d1825d0c8741028a56
      size: 61781
    - path: docs/figures/distribucion_target.png
      hash: md5
      md5: bc9c66fc1a8b91659123d9332fc009f9
      size: 22456
    - path: docs/figures/heatmap_valores_nulos_creditos.png
      hash: md5
      md5: f8e8feb0d8417264a4b7f9314a0b78a2
      size: 30901
    - path: docs/reports/reporte_eda_creditos.html
      hash: md5
      md5: fd2dc2fedc893157ee02e80571f13d89
      size: 3856205
    - path: docs/reports/reporte_eda_tarjetas.html
      hash: md5
      md5: 2b84e5b72aca1652537f9b83587ce16c
      size: 3081266
  test_pandera:
    cmd: pytest --html=docs/report_basico.html --self-contained-html test/test_data_quality.py
      -v ||true
    deps:
    - path: data/raw/datos_creditos.csv
      hash: md5
      md5: 3b26edd22e8827f890d7cd32efe475b7
      size: 663047
      isexec: true
    - path: data/raw/datos_tarjetas.csv
      hash: md5
      md5: 9e197c893925601cd447c81256e8cf07
      size: 845190
      isexec: true
    - path: test/test_data_quality.py
      hash: md5
      md5: b2d608b6f9c7716d0e0561bc2e3900b6
      size: 6888
    outs:
    - path: docs/report_basico.html
      hash: md5
      md5: 21883a69bda0e3b3aaa203ac24637fed
      size: 35409
  test_ge:
    cmd: pytest --html=docs/report_ge.html --self-contained-html test/test_data_quality_ge.py
      -v ||true
    deps:
    - path: data/raw/datos_creditos.csv
      hash: md5
      md5: 3b26edd22e8827f890d7cd32efe475b7
      size: 663047
      isexec: true
    - path: data/raw/datos_tarjetas.csv
      hash: md5
      md5: 9e197c893925601cd447c81256e8cf07
      size: 845190
      isexec: true
    - path: test/test_data_quality_ge.py
      hash: md5
      md5: 7087638823b028f121722410c0948f6b
      size: 4919
    outs:
    - path: docs/report_ge.html
      hash: md5
      md5: 0e70badd54e888b1f830bda833bef135
      size: 32234
  data_processing:
    cmd: python src/data_prep.py
    deps:
    - path: data/raw/datos_creditos.csv
      hash: md5
      md5: 3b26edd22e8827f890d7cd32efe475b7
      size: 663047
      isexec: true
    - path: data/raw/datos_tarjetas.csv
      hash: md5
      md5: 9e197c893925601cd447c81256e8cf07
      size: 845190
      isexec: true
    - path: src/data_prep.py
      hash: md5
      md5: 83cf81916341e50bc904c72c32c008dc
      size: 4683
    outs:
    - path: docs/processed/datos_integrados.csv
      hash: md5
      md5: e3b490efcad5a925bc9a696e0186e7c2
      size: 2054820
    - path: docs/processed/metadata_datos_integrados.txt
      hash: md5
      md5: 8e05b03d5298785ac6500a1ebe923923
      size: 4807
  train_model:
    cmd: python src/train_model.py
    deps:
    - path: docs/processed/datos_integrados.csv
      hash: md5
      md5: e3b490efcad5a925bc9a696e0186e7c2
      size: 2054820
    - path: docs/processed/metadata_datos_integrados.txt
      hash: md5
      md5: 8e05b03d5298785ac6500a1ebe923923
      size: 4807
    - path: src/train_model.py
      hash: md5
      md5: bd93edc7b0a9b98feda46f07eb22b1a7
      size: 9933
    outs:
    - path: docs/figures/confusion_matrix.png
      hash: md5
      md5: 351681f5e7734f63d555711c01178cb2
      size: 19541
    - path: docs/metrics/train_metrics.json
      hash: md5
      md5: 5900e1a544b250bc5ce9148cc44eb845
      size: 230
    - path: docs/models/best_model.pkl
      hash: md5
      md5: c21c0de763184cbfcdd3192cc7215f36
      size: 880073
    - path: docs/models/prod_preprocessor.pkl
      hash: md5
      md5: 1cf35a4098bef28f2a17bc64941d2cc8
      size: 6249
  test_model:
    cmd: pytest --html=docs/report_model.html --self-contained-html test/test_train.py
      -v ||true
    deps:
    - path: docs/processed/datos_integrados.csv
      hash: md5
      md5: e3b490efcad5a925bc9a696e0186e7c2
      size: 2054820
    - path: test/test_train.py
      hash: md5
      md5: a19654c16550f57b95dce421024a5b50
      size: 1973
    outs:
    - path: docs/report_model.html
      hash: md5
      md5: ebe24785716a6c45880c0c2c1245ef7a
      size: 33681
